// !$*UTF8*$!
{
	archiveVersion = 1;
	classes = {
	};
	objectVersion = 70;
	objects = {

/* Begin PBXBuildFile section */
		0C2786D92CDCAF2900009870 /* popUpAnimation.swift in Sources */ = {isa = PBXBuildFile; fileRef = 0C2786D82CDCAF2900009870 /* popUpAnimation.swift */; };
		0C98855A2CB96DE00017599C /* ContentView.swift in Sources */ = {isa = PBXBuildFile; fileRef = 0C9885592CB96DE00017599C /* ContentView.swift */; };
		0C9D5D2B2C6A42870037E1B0 /* MedicalDictApp.swift in Sources */ = {isa = PBXBuildFile; fileRef = 0C9D5D2A2C6A42870037E1B0 /* MedicalDictApp.swift */; };
		0C9D5D2F2C6A42880037E1B0 /* Assets.xcassets in Resources */ = {isa = PBXBuildFile; fileRef = 0C9D5D2E2C6A42880037E1B0 /* Assets.xcassets */; };
		0C9D5D322C6A42880037E1B0 /* Preview Assets.xcassets in Resources */ = {isa = PBXBuildFile; fileRef = 0C9D5D312C6A42880037E1B0 /* Preview Assets.xcassets */; };
		0CA3214C2D1BD868000B04B8 /* TipCard.swift in Sources */ = {isa = PBXBuildFile; fileRef = 0CA3214A2D1BD868000B04B8 /* TipCard.swift */; };
		0CA3214D2D1BD868000B04B8 /* TipImageButton.swift in Sources */ = {isa = PBXBuildFile; fileRef = 0CA3214B2D1BD868000B04B8 /* TipImageButton.swift */; };
		0CA3214E2D1BD868000B04B8 /* TipBarView.swift in Sources */ = {isa = PBXBuildFile; fileRef = 0CA321492D1BD868000B04B8 /* TipBarView.swift */; };
		0CA3214F2D1BD868000B04B8 /* Dailytips.swift in Sources */ = {isa = PBXBuildFile; fileRef = 0CA321482D1BD868000B04B8 /* Dailytips.swift */; };
		0CA321512D1BD9A0000B04B8 /* MedicnesForLetterView.swift in Sources */ = {isa = PBXBuildFile; fileRef = 0CA321502D1BD9A0000B04B8 /* MedicnesForLetterView.swift */; };
		0CA321532D1BDF52000B04B8 /* listView.swift in Sources */ = {isa = PBXBuildFile; fileRef = 0CA321522D1BDF52000B04B8 /* listView.swift */; };
		E298217F2CB0002700CD61EB /* medicineSearch.swift in Sources */ = {isa = PBXBuildFile; fileRef = E298217E2CB0002700CD61EB /* medicineSearch.swift */; };
		E2BCA0D32C77470700D58470 /* medicineData.json in Resources */ = {isa = PBXBuildFile; fileRef = E2BCA0D22C77470700D58470 /* medicineData.json */; };
		E2BCA0D52C77478F00D58470 /* Medicine.swift in Sources */ = {isa = PBXBuildFile; fileRef = E2BCA0D42C77478F00D58470 /* Medicine.swift */; };
		E2BCA0D72C7749AF00D58470 /* medicineJsonLoad.swift in Sources */ = {isa = PBXBuildFile; fileRef = E2BCA0D62C7749AF00D58470 /* medicineJsonLoad.swift */; };
		E2BCA0D92C774B3800D58470 /* DescriptionPage.swift in Sources */ = {isa = PBXBuildFile; fileRef = E2BCA0D82C774B3800D58470 /* DescriptionPage.swift */; };
		E2F6D8372CB7DB8A0013BF6E /* stringView.swift in Sources */ = {isa = PBXBuildFile; fileRef = E2F6D8362CB7DB8A0013BF6E /* stringView.swift */; };
		E2F6D8392CB7E0E40013BF6E /* gameJsonLoad.swift in Sources */ = {isa = PBXBuildFile; fileRef = E2F6D8382CB7E0E40013BF6E /* gameJsonLoad.swift */; };
		E2F6D83E2CB7E5A50013BF6E /* gameData.json in Resources */ = {isa = PBXBuildFile; fileRef = E2F6D83D2CB7E5A50013BF6E /* gameData.json */; };
		E2F6D8402CB7E5E00013BF6E /* gameVariables.swift in Sources */ = {isa = PBXBuildFile; fileRef = E2F6D83F2CB7E5E00013BF6E /* gameVariables.swift */; };
/* End PBXBuildFile section */

/* Begin PBXFileReference section */
		0C2444402C9BCB6200837D5A /* MedicalDict.entitlements */ = {isa = PBXFileReference; lastKnownFileType = text.plist.entitlements; path = MedicalDict.entitlements; sourceTree = "<group>"; };
		0C2444412C9BF8FE00837D5A /* Info.plist */ = {isa = PBXFileReference; lastKnownFileType = text.plist; path = Info.plist; sourceTree = "<group>"; };
		0C2786D82CDCAF2900009870 /* popUpAnimation.swift */ = {isa = PBXFileReference; lastKnownFileType = sourcecode.swift; path = popUpAnimation.swift; sourceTree = "<group>"; };
		0C9885592CB96DE00017599C /* ContentView.swift */ = {isa = PBXFileReference; lastKnownFileType = sourcecode.swift; path = ContentView.swift; sourceTree = "<group>"; };
		0C9D5D272C6A42870037E1B0 /* MedicalDict.app */ = {isa = PBXFileReference; explicitFileType = wrapper.application; includeInIndex = 0; path = MedicalDict.app; sourceTree = BUILT_PRODUCTS_DIR; };
		0C9D5D2A2C6A42870037E1B0 /* MedicalDictApp.swift */ = {isa = PBXFileReference; lastKnownFileType = sourcecode.swift; path = MedicalDictApp.swift; sourceTree = "<group>"; };
		0C9D5D2E2C6A42880037E1B0 /* Assets.xcassets */ = {isa = PBXFileReference; lastKnownFileType = folder.assetcatalog; path = Assets.xcassets; sourceTree = "<group>"; };
		0C9D5D312C6A42880037E1B0 /* Preview Assets.xcassets */ = {isa = PBXFileReference; lastKnownFileType = folder.assetcatalog; path = "Preview Assets.xcassets"; sourceTree = "<group>"; };
		0CA321482D1BD868000B04B8 /* Dailytips.swift */ = {isa = PBXFileReference; lastKnownFileType = sourcecode.swift; path = Dailytips.swift; sourceTree = "<group>"; };
		0CA321492D1BD868000B04B8 /* TipBarView.swift */ = {isa = PBXFileReference; lastKnownFileType = sourcecode.swift; path = TipBarView.swift; sourceTree = "<group>"; };
		0CA3214A2D1BD868000B04B8 /* TipCard.swift */ = {isa = PBXFileReference; lastKnownFileType = sourcecode.swift; path = TipCard.swift; sourceTree = "<group>"; };
		0CA3214B2D1BD868000B04B8 /* TipImageButton.swift */ = {isa = PBXFileReference; lastKnownFileType = sourcecode.swift; path = TipImageButton.swift; sourceTree = "<group>"; };
		0CA321502D1BD9A0000B04B8 /* MedicnesForLetterView.swift */ = {isa = PBXFileReference; lastKnownFileType = sourcecode.swift; path = MedicnesForLetterView.swift; sourceTree = "<group>"; };
		0CA321522D1BDF52000B04B8 /* listView.swift */ = {isa = PBXFileReference; lastKnownFileType = sourcecode.swift; path = listView.swift; sourceTree = "<group>"; };
		E298217E2CB0002700CD61EB /* medicineSearch.swift */ = {isa = PBXFileReference; lastKnownFileType = sourcecode.swift; path = medicineSearch.swift; sourceTree = "<group>"; };
		E2BCA0D22C77470700D58470 /* medicineData.json */ = {isa = PBXFileReference; lastKnownFileType = text.json; path = medicineData.json; sourceTree = "<group>"; };
		E2BCA0D42C77478F00D58470 /* Medicine.swift */ = {isa = PBXFileReference; lastKnownFileType = sourcecode.swift; path = Medicine.swift; sourceTree = "<group>"; };
		E2BCA0D62C7749AF00D58470 /* medicineJsonLoad.swift */ = {isa = PBXFileReference; lastKnownFileType = sourcecode.swift; path = medicineJsonLoad.swift; sourceTree = "<group>"; };
		E2BCA0D82C774B3800D58470 /* DescriptionPage.swift */ = {isa = PBXFileReference; lastKnownFileType = sourcecode.swift; path = DescriptionPage.swift; sourceTree = "<group>"; };
		E2F6D8362CB7DB8A0013BF6E /* stringView.swift */ = {isa = PBXFileReference; lastKnownFileType = sourcecode.swift; path = stringView.swift; sourceTree = "<group>"; };
		E2F6D8382CB7E0E40013BF6E /* gameJsonLoad.swift */ = {isa = PBXFileReference; lastKnownFileType = sourcecode.swift; path = gameJsonLoad.swift; sourceTree = "<group>"; };
		E2F6D83D2CB7E5A50013BF6E /* gameData.json */ = {isa = PBXFileReference; lastKnownFileType = text.json; path = gameData.json; sourceTree = "<group>"; };
		E2F6D83F2CB7E5E00013BF6E /* gameVariables.swift */ = {isa = PBXFileReference; lastKnownFileType = sourcecode.swift; path = gameVariables.swift; sourceTree = "<group>"; };
/* End PBXFileReference section */

/* Begin PBXFileSystemSynchronizedRootGroup section */
		0C1D60642D1C53BA00B5293F /* GameView */ = {isa = PBXFileSystemSynchronizedRootGroup; explicitFileTypes = {}; explicitFolders = (); path = GameView; sourceTree = "<group>"; };
/* End PBXFileSystemSynchronizedRootGroup section */

/* Begin PBXFrameworksBuildPhase section */
		0C9D5D242C6A42870037E1B0 /* Frameworks */ = {
			isa = PBXFrameworksBuildPhase;
			buildActionMask = 2147483647;
			files = (
			);
			runOnlyForDeploymentPostprocessing = 0;
		};
/* End PBXFrameworksBuildPhase section */

/* Begin PBXGroup section */
		0C9885582CB96D850017599C /* GameDataSet */ = {
			isa = PBXGroup;
			children = (
				E2F6D83F2CB7E5E00013BF6E /* gameVariables.swift */,
				E2F6D8382CB7E0E40013BF6E /* gameJsonLoad.swift */,
				E2F6D83D2CB7E5A50013BF6E /* gameData.json */,
				0C2786D82CDCAF2900009870 /* popUpAnimation.swift */,
			);
			path = GameDataSet;
			sourceTree = "<group>";
		};
		0C9D5D1E2C6A42870037E1B0 = {
			isa = PBXGroup;
			children = (
				0C9D5D292C6A42870037E1B0 /* MedicalDict */,
				0C9D5D282C6A42870037E1B0 /* Products */,
			);
			sourceTree = "<group>";
		};
		0C9D5D282C6A42870037E1B0 /* Products */ = {
			isa = PBXGroup;
			children = (
				0C9D5D272C6A42870037E1B0 /* MedicalDict.app */,
			);
			name = Products;
			sourceTree = "<group>";
		};
		0C9D5D292C6A42870037E1B0 /* MedicalDict */ = {
			isa = PBXGroup;
			children = (
				0C2444412C9BF8FE00837D5A /* Info.plist */,
				0C2444402C9BCB6200837D5A /* MedicalDict.entitlements */,
				0C9D5D2A2C6A42870037E1B0 /* MedicalDictApp.swift */,
				0C9885592CB96DE00017599C /* ContentView.swift */,
				0CA321472D1BD832000B04B8 /* TipFiles */,
				0C1D60642D1C53BA00B5293F /* GameView */,
				E212A73A2C7DD93D00B0B667 /* DescriptionPageView */,
				E212A7382C7DD8CB00B0B667 /* UIVIew */,
				E27F46B62C74A0D3008C08E4 /* MedicineDataSet */,
				0C9885582CB96D850017599C /* GameDataSet */,
				0C9D5D2E2C6A42880037E1B0 /* Assets.xcassets */,
				0C9D5D302C6A42880037E1B0 /* Preview Content */,
			);
			path = MedicalDict;
			sourceTree = "<group>";
		};
		0C9D5D302C6A42880037E1B0 /* Preview Content */ = {
			isa = PBXGroup;
			children = (
				0C9D5D312C6A42880037E1B0 /* Preview Assets.xcassets */,
			);
			path = "Preview Content";
			sourceTree = "<group>";
		};
		0CA321472D1BD832000B04B8 /* TipFiles */ = {
			isa = PBXGroup;
			children = (
				0CA321482D1BD868000B04B8 /* Dailytips.swift */,
				0CA321492D1BD868000B04B8 /* TipBarView.swift */,
				0CA3214A2D1BD868000B04B8 /* TipCard.swift */,
				0CA3214B2D1BD868000B04B8 /* TipImageButton.swift */,
			);
			path = TipFiles;
			sourceTree = "<group>";
		};
		E212A7382C7DD8CB00B0B667 /* UIVIew */ = {
			isa = PBXGroup;
			children = (
				E298217E2CB0002700CD61EB /* medicineSearch.swift */,
				0CA321502D1BD9A0000B04B8 /* MedicnesForLetterView.swift */,
			);
			path = UIVIew;
			sourceTree = "<group>";
		};
		E212A73A2C7DD93D00B0B667 /* DescriptionPageView */ = {
			isa = PBXGroup;
			children = (
				E2BCA0D82C774B3800D58470 /* DescriptionPage.swift */,
				E2F6D8362CB7DB8A0013BF6E /* stringView.swift */,
				0CA321522D1BDF52000B04B8 /* listView.swift */,
			);
			path = DescriptionPageView;
			sourceTree = "<group>";
		};
		E27F46B62C74A0D3008C08E4 /* MedicineDataSet */ = {
			isa = PBXGroup;
			children = (
				E2BCA0D62C7749AF00D58470 /* medicineJsonLoad.swift */,
				E2BCA0D42C77478F00D58470 /* Medicine.swift */,
				E2BCA0D22C77470700D58470 /* medicineData.json */,
			);
			path = MedicineDataSet;
			sourceTree = "<group>";
		};
/* End PBXGroup section */

/* Begin PBXNativeTarget section */
		0C9D5D262C6A42870037E1B0 /* MedicalDict */ = {
			isa = PBXNativeTarget;
			buildConfigurationList = 0C9D5D352C6A42880037E1B0 /* Build configuration list for PBXNativeTarget "MedicalDict" */;
			buildPhases = (
				0C9D5D232C6A42870037E1B0 /* Sources */,
				0C9D5D242C6A42870037E1B0 /* Frameworks */,
				0C9D5D252C6A42870037E1B0 /* Resources */,
			);
			buildRules = (
			);
			dependencies = (
			);
			fileSystemSynchronizedGroups = (
				0C1D60642D1C53BA00B5293F /* GameView */,
			);
			name = MedicalDict;
			productName = MedicalDict;
			productReference = 0C9D5D272C6A42870037E1B0 /* MedicalDict.app */;
			productType = "com.apple.product-type.application";
		};
/* End PBXNativeTarget section */

/* Begin PBXProject section */
		0C9D5D1F2C6A42870037E1B0 /* Project object */ = {
			isa = PBXProject;
			attributes = {
				BuildIndependentTargetsInParallel = 1;
				LastSwiftUpdateCheck = 1540;
				LastUpgradeCheck = 1540;
				TargetAttributes = {
					0C9D5D262C6A42870037E1B0 = {
						CreatedOnToolsVersion = 15.4;
					};
				};
			};
			buildConfigurationList = 0C9D5D222C6A42870037E1B0 /* Build configuration list for PBXProject "MedicalDict" */;
			compatibilityVersion = "Xcode 14.0";
			developmentRegion = en;
			hasScannedForEncodings = 0;
			knownRegions = (
				en,
				Base,
			);
			mainGroup = 0C9D5D1E2C6A42870037E1B0;
			productRefGroup = 0C9D5D282C6A42870037E1B0 /* Products */;
			projectDirPath = "";
			projectRoot = "";
			targets = (
				0C9D5D262C6A42870037E1B0 /* MedicalDict */,
			);
		};
/* End PBXProject section */

/* Begin PBXResourcesBuildPhase section */
		0C9D5D252C6A42870037E1B0 /* Resources */ = {
			isa = PBXResourcesBuildPhase;
			buildActionMask = 2147483647;
			files = (
				E2BCA0D32C77470700D58470 /* medicineData.json in Resources */,
				E2F6D83E2CB7E5A50013BF6E /* gameData.json in Resources */,
				0C9D5D322C6A42880037E1B0 /* Preview Assets.xcassets in Resources */,
				0C9D5D2F2C6A42880037E1B0 /* Assets.xcassets in Resources */,
			);
			runOnlyForDeploymentPostprocessing = 0;
		};
/* End PBXResourcesBuildPhase section */

/* Begin PBXSourcesBuildPhase section */
		0C9D5D232C6A42870037E1B0 /* Sources */ = {
			isa = PBXSourcesBuildPhase;
			buildActionMask = 2147483647;
			files = (
				0CA321532D1BDF52000B04B8 /* listView.swift in Sources */,
				E2F6D8402CB7E5E00013BF6E /* gameVariables.swift in Sources */,
				0C9D5D2B2C6A42870037E1B0 /* MedicalDictApp.swift in Sources */,
				0C2786D92CDCAF2900009870 /* popUpAnimation.swift in Sources */,
				0CA3214C2D1BD868000B04B8 /* TipCard.swift in Sources */,
				0CA3214D2D1BD868000B04B8 /* TipImageButton.swift in Sources */,
				0CA3214E2D1BD868000B04B8 /* TipBarView.swift in Sources */,
				0CA3214F2D1BD868000B04B8 /* Dailytips.swift in Sources */,
				E2BCA0D72C7749AF00D58470 /* medicineJsonLoad.swift in Sources */,
				E2F6D8372CB7DB8A0013BF6E /* stringView.swift in Sources */,
				E2BCA0D52C77478F00D58470 /* Medicine.swift in Sources */,
				0CA321512D1BD9A0000B04B8 /* MedicnesForLetterView.swift in Sources */,
				E2F6D8392CB7E0E40013BF6E /* gameJsonLoad.swift in Sources */,
				E298217F2CB0002700CD61EB /* medicineSearch.swift in Sources */,
				0C98855A2CB96DE00017599C /* ContentView.swift in Sources */,
				E2BCA0D92C774B3800D58470 /* DescriptionPage.swift in Sources */,
			);
			runOnlyForDeploymentPostprocessing = 0;
		};
/* End PBXSourcesBuildPhase section */

/* Begin XCBuildConfiguration section */
		0C9D5D332C6A42880037E1B0 /* Debug */ = {
			isa = XCBuildConfiguration;
			buildSettings = {
				ALWAYS_SEARCH_USER_PATHS = NO;
				ASSETCATALOG_COMPILER_GENERATE_SWIFT_ASSET_SYMBOL_EXTENSIONS = YES;
				CLANG_ANALYZER_NONNULL = YES;
				CLANG_ANALYZER_NUMBER_OBJECT_CONVERSION = YES_AGGRESSIVE;
				CLANG_CXX_LANGUAGE_STANDARD = "gnu++20";
				CLANG_ENABLE_MODULES = YES;
				CLANG_ENABLE_OBJC_ARC = YES;
				CLANG_ENABLE_OBJC_WEAK = YES;
				CLANG_WARN_BLOCK_CAPTURE_AUTORELEASING = YES;
				CLANG_WARN_BOOL_CONVERSION = YES;
				CLANG_WARN_COMMA = YES;
				CLANG_WARN_CONSTANT_CONVERSION = YES;
				CLANG_WARN_DEPRECATED_OBJC_IMPLEMENTATIONS = YES;
				CLANG_WARN_DIRECT_OBJC_ISA_USAGE = YES_ERROR;
				CLANG_WARN_DOCUMENTATION_COMMENTS = YES;
				CLANG_WARN_EMPTY_BODY = YES;
				CLANG_WARN_ENUM_CONVERSION = YES;
				CLANG_WARN_INFINITE_RECURSION = YES;
				CLANG_WARN_INT_CONVERSION = YES;
				CLANG_WARN_NON_LITERAL_NULL_CONVERSION = YES;
				CLANG_WARN_OBJC_IMPLICIT_RETAIN_SELF = YES;
				CLANG_WARN_OBJC_LITERAL_CONVERSION = YES;
				CLANG_WARN_OBJC_ROOT_CLASS = YES_ERROR;
				CLANG_WARN_QUOTED_INCLUDE_IN_FRAMEWORK_HEADER = YES;
				CLANG_WARN_RANGE_LOOP_ANALYSIS = YES;
				CLANG_WARN_STRICT_PROTOTYPES = YES;
				CLANG_WARN_SUSPICIOUS_MOVE = YES;
				CLANG_WARN_UNGUARDED_AVAILABILITY = YES_AGGRESSIVE;
				CLANG_WARN_UNREACHABLE_CODE = YES;
				CLANG_WARN__DUPLICATE_METHOD_MATCH = YES;
				COPY_PHASE_STRIP = NO;
				DEBUG_INFORMATION_FORMAT = dwarf;
				ENABLE_STRICT_OBJC_MSGSEND = YES;
				ENABLE_TESTABILITY = YES;
				ENABLE_USER_SCRIPT_SANDBOXING = YES;
				GCC_C_LANGUAGE_STANDARD = gnu17;
				GCC_DYNAMIC_NO_PIC = NO;
				GCC_NO_COMMON_BLOCKS = YES;
				GCC_OPTIMIZATION_LEVEL = 0;
				GCC_PREPROCESSOR_DEFINITIONS = (
					"DEBUG=1",
					"$(inherited)",
				);
				GCC_WARN_64_TO_32_BIT_CONVERSION = YES;
				GCC_WARN_ABOUT_RETURN_TYPE = YES_ERROR;
				GCC_WARN_UNDECLARED_SELECTOR = YES;
				GCC_WARN_UNINITIALIZED_AUTOS = YES_AGGRESSIVE;
				GCC_WARN_UNUSED_FUNCTION = YES;
				GCC_WARN_UNUSED_VARIABLE = YES;
				IPHONEOS_DEPLOYMENT_TARGET = 17.5;
				LOCALIZATION_PREFERS_STRING_CATALOGS = YES;
				MTL_ENABLE_DEBUG_INFO = INCLUDE_SOURCE;
				MTL_FAST_MATH = YES;
				ONLY_ACTIVE_ARCH = YES;
				SDKROOT = iphoneos;
				SWIFT_ACTIVE_COMPILATION_CONDITIONS = "DEBUG $(inherited)";
				SWIFT_OPTIMIZATION_LEVEL = "-Onone";
			};
			name = Debug;
		};
		0C9D5D342C6A42880037E1B0 /* Release */ = {
			isa = XCBuildConfiguration;
			buildSettings = {
				ALWAYS_SEARCH_USER_PATHS = NO;
				ASSETCATALOG_COMPILER_GENERATE_SWIFT_ASSET_SYMBOL_EXTENSIONS = YES;
				CLANG_ANALYZER_NONNULL = YES;
				CLANG_ANALYZER_NUMBER_OBJECT_CONVERSION = YES_AGGRESSIVE;
				CLANG_CXX_LANGUAGE_STANDARD = "gnu++20";
				CLANG_ENABLE_MODULES = YES;
				CLANG_ENABLE_OBJC_ARC = YES;
				CLANG_ENABLE_OBJC_WEAK = YES;
				CLANG_WARN_BLOCK_CAPTURE_AUTORELEASING = YES;
				CLANG_WARN_BOOL_CONVERSION = YES;
				CLANG_WARN_COMMA = YES;
				CLANG_WARN_CONSTANT_CONVERSION = YES;
				CLANG_WARN_DEPRECATED_OBJC_IMPLEMENTATIONS = YES;
				CLANG_WARN_DIRECT_OBJC_ISA_USAGE = YES_ERROR;
				CLANG_WARN_DOCUMENTATION_COMMENTS = YES;
				CLANG_WARN_EMPTY_BODY = YES;
				CLANG_WARN_ENUM_CONVERSION = YES;
				CLANG_WARN_INFINITE_RECURSION = YES;
				CLANG_WARN_INT_CONVERSION = YES;
				CLANG_WARN_NON_LITERAL_NULL_CONVERSION = YES;
				CLANG_WARN_OBJC_IMPLICIT_RETAIN_SELF = YES;
				CLANG_WARN_OBJC_LITERAL_CONVERSION = YES;
				CLANG_WARN_OBJC_ROOT_CLASS = YES_ERROR;
				CLANG_WARN_QUOTED_INCLUDE_IN_FRAMEWORK_HEADER = YES;
				CLANG_WARN_RANGE_LOOP_ANALYSIS = YES;
				CLANG_WARN_STRICT_PROTOTYPES = YES;
				CLANG_WARN_SUSPICIOUS_MOVE = YES;
				CLANG_WARN_UNGUARDED_AVAILABILITY = YES_AGGRESSIVE;
				CLANG_WARN_UNREACHABLE_CODE = YES;
				CLANG_WARN__DUPLICATE_METHOD_MATCH = YES;
				COPY_PHASE_STRIP = NO;
				DEBUG_INFORMATION_FORMAT = "dwarf-with-dsym";
				ENABLE_NS_ASSERTIONS = NO;
				ENABLE_STRICT_OBJC_MSGSEND = YES;
				ENABLE_USER_SCRIPT_SANDBOXING = YES;
				GCC_C_LANGUAGE_STANDARD = gnu17;
				GCC_NO_COMMON_BLOCKS = YES;
				GCC_WARN_64_TO_32_BIT_CONVERSION = YES;
				GCC_WARN_ABOUT_RETURN_TYPE = YES_ERROR;
				GCC_WARN_UNDECLARED_SELECTOR = YES;
				GCC_WARN_UNINITIALIZED_AUTOS = YES_AGGRESSIVE;
				GCC_WARN_UNUSED_FUNCTION = YES;
				GCC_WARN_UNUSED_VARIABLE = YES;
				IPHONEOS_DEPLOYMENT_TARGET = 17.5;
				LOCALIZATION_PREFERS_STRING_CATALOGS = YES;
				MTL_ENABLE_DEBUG_INFO = NO;
				MTL_FAST_MATH = YES;
				SDKROOT = iphoneos;
				SWIFT_COMPILATION_MODE = wholemodule;
				VALIDATE_PRODUCT = YES;
			};
			name = Release;
		};
		0C9D5D362C6A42880037E1B0 /* Debug */ = {
			isa = XCBuildConfiguration;
			buildSettings = {
				ASSETCATALOG_COMPILER_APPICON_NAME = AppIcon;
				ASSETCATALOG_COMPILER_GLOBAL_ACCENT_COLOR_NAME = AccentColor;
				ASSETCATALOG_COMPILER_INCLUDE_ALL_APPICON_ASSETS = NO;
				CODE_SIGN_ENTITLEMENTS = MedicalDict/MedicalDict.entitlements;
				CODE_SIGN_IDENTITY = "Apple Development";
				CODE_SIGN_STYLE = Automatic;
				CURRENT_PROJECT_VERSION = 1;
				DEVELOPMENT_ASSET_PATHS = "\"MedicalDict/Preview Content\"";
				DEVELOPMENT_TEAM = X5PUMWNFN8;
				ENABLE_PREVIEWS = YES;
				GENERATE_INFOPLIST_FILE = YES;
				INFOPLIST_FILE = MedicalDict/Info.plist;
				INFOPLIST_KEY_NSCameraUsageDescription = "Camera is Used for text recoginition";
				INFOPLIST_KEY_UIApplicationSceneManifest_Generation = YES;
				INFOPLIST_KEY_UIApplicationSupportsIndirectInputEvents = YES;
				INFOPLIST_KEY_UILaunchScreen_Generation = YES;
				INFOPLIST_KEY_UISupportedInterfaceOrientations_iPad = "UIInterfaceOrientationPortrait UIInterfaceOrientationPortraitUpsideDown UIInterfaceOrientationLandscapeLeft UIInterfaceOrientationLandscapeRight";
				INFOPLIST_KEY_UISupportedInterfaceOrientations_iPhone = "UIInterfaceOrientationPortrait UIInterfaceOrientationLandscapeLeft UIInterfaceOrientationLandscapeRight";
				IPHONEOS_DEPLOYMENT_TARGET = 18.0;
				LD_RUNPATH_SEARCH_PATHS = (
					"$(inherited)",
					"@executable_path/Frameworks",
				);
				MARKETING_VERSION = 1.0;
				PRODUCT_BUNDLE_IDENTIFIER = mycompany.MedicalDict;
				PRODUCT_NAME = "$(TARGET_NAME)";
				PROVISIONING_PROFILE_SPECIFIER = "";
				SUPPORTED_PLATFORMS = "iphoneos iphonesimulator";
				SUPPORTS_MACCATALYST = NO;
				SUPPORTS_XR_DESIGNED_FOR_IPHONE_IPAD = NO;
				SWIFT_EMIT_LOC_STRINGS = YES;
				SWIFT_VERSION = 5.0;
				TARGETED_DEVICE_FAMILY = 2;
			};
			name = Debug;
		};
		0C9D5D372C6A42880037E1B0 /* Release */ = {
			isa = XCBuildConfiguration;
			buildSettings = {
				ASSETCATALOG_COMPILER_APPICON_NAME = AppIcon;
				ASSETCATALOG_COMPILER_GLOBAL_ACCENT_COLOR_NAME = AccentColor;
				ASSETCATALOG_COMPILER_INCLUDE_ALL_APPICON_ASSETS = NO;
				CODE_SIGN_ENTITLEMENTS = MedicalDict/MedicalDict.entitlements;
				CODE_SIGN_IDENTITY = "Apple Development";
				CODE_SIGN_STYLE = Automatic;
				CURRENT_PROJECT_VERSION = 1;
				DEVELOPMENT_ASSET_PATHS = "\"MedicalDict/Preview Content\"";
				DEVELOPMENT_TEAM = X5PUMWNFN8;
				ENABLE_PREVIEWS = YES;
				GENERATE_INFOPLIST_FILE = YES;
				INFOPLIST_FILE = MedicalDict/Info.plist;
				INFOPLIST_KEY_NSCameraUsageDescription = "Camera is Used for text recoginition";
				INFOPLIST_KEY_UIApplicationSceneManifest_Generation = YES;
				INFOPLIST_KEY_UIApplicationSupportsIndirectInputEvents = YES;
				INFOPLIST_KEY_UILaunchScreen_Generation = YES;
				INFOPLIST_KEY_UISupportedInterfaceOrientations_iPad = "UIInterfaceOrientationPortrait UIInterfaceOrientationPortraitUpsideDown UIInterfaceOrientationLandscapeLeft UIInterfaceOrientationLandscapeRight";
				INFOPLIST_KEY_UISupportedInterfaceOrientations_iPhone = "UIInterfaceOrientationPortrait UIInterfaceOrientationLandscapeLeft UIInterfaceOrientationLandscapeRight";
				IPHONEOS_DEPLOYMENT_TARGET = 18.0;
				LD_RUNPATH_SEARCH_PATHS = (
					"$(inherited)",
					"@executable_path/Frameworks",
				);
				MARKETING_VERSION = 1.0;
				PRODUCT_BUNDLE_IDENTIFIER = mycompany.MedicalDict;
				PRODUCT_NAME = "$(TARGET_NAME)";
				PROVISIONING_PROFILE_SPECIFIER = "";
				SUPPORTED_PLATFORMS = "iphoneos iphonesimulator";
				SUPPORTS_MACCATALYST = NO;
				SUPPORTS_XR_DESIGNED_FOR_IPHONE_IPAD = NO;
				SWIFT_EMIT_LOC_STRINGS = YES;
				SWIFT_VERSION = 5.0;
				TARGETED_DEVICE_FAMILY = 2;
			};
			name = Release;
		};
/* End XCBuildConfiguration section */

/* Begin XCConfigurationList section */
		0C9D5D222C6A42870037E1B0 /* Build configuration list for PBXProject "MedicalDict" */ = {
			isa = XCConfigurationList;
			buildConfigurations = (
				0C9D5D332C6A42880037E1B0 /* Debug */,
				0C9D5D342C6A42880037E1B0 /* Release */,
			);
			defaultConfigurationIsVisible = 0;
			defaultConfigurationName = Release;
		};
		0C9D5D352C6A42880037E1B0 /* Build configuration list for PBXNativeTarget "MedicalDict" */ = {
			isa = XCConfigurationList;
			buildConfigurations = (
				0C9D5D362C6A42880037E1B0 /* Debug */,
				0C9D5D372C6A42880037E1B0 /* Release */,
			);
			defaultConfigurationIsVisible = 0;
			defaultConfigurationName = Release;
		};
/* End XCConfigurationList section */
	};
	rootObject = 0C9D5D1F2C6A42870037E1B0 /* Project object */;
}
